<?xml version="1.0" encoding="UTF-8" standalone="yes" ?>
<CodeBlocks_project_file>
	<FileVersion major="1" minor="6" />
	<Project>
		<Option title="PBRT" />
		<Option makefile_is_custom="1" />
		<Option pch_mode="2" />
		<Option compiler="gcc" />
		<Build>
			<Target title="default">
				<Option output="PBRT" prefix_auto="1" extension_auto="1" />
				<Option object_output="/home/hanci/Plocha/PBRT 2/.objs" />
				<Option type="1" />
				<Option compiler="gcc" />
				<Compiler>
					<Add option="-g" />
				</Compiler>
			</Target>
		</Build>
		<Compiler>
			<Add option="-Wall" />
		</Compiler>
		<Unit filename="Makefile" />
		<Unit filename="accelerators/bvh.cpp" />
		<Unit filename="accelerators/bvh.h" />
		<Unit filename="accelerators/grid.cpp" />
		<Unit filename="accelerators/grid.h" />
		<Unit filename="accelerators/kdtreeaccel.cpp" />
		<Unit filename="accelerators/kdtreeaccel.h" />
		<Unit filename="accelerators/naive.cpp" />
		<Unit filename="accelerators/naive.h" />
		<Unit filename="accelerators/rayhierarchy.cpp" />
		<Unit filename="accelerators/rayhierarchy.h" />
		<Unit filename="cameras/environment.cpp" />
		<Unit filename="cameras/environment.h" />
		<Unit filename="cameras/orthographic.cpp" />
		<Unit filename="cameras/orthographic.h" />
		<Unit filename="cameras/perspective.cpp" />
		<Unit filename="cameras/perspective.h" />
		<Unit filename="cl/intersection.cl" />
		<Unit filename="cl/intersectionP.cl" />
		<Unit filename="cl/raySort.cl" />
		<Unit filename="cl/rayhierarchy.cl" />
		<Unit filename="cl/shrUtils.cpp" />
		<Unit filename="cl/shrUtils.h" />
		<Unit filename="core/GPUparallel.cpp" />
		<Unit filename="core/GPUparallel.h" />
		<Unit filename="core/api.cpp" />
		<Unit filename="core/api.h" />
		<Unit filename="core/camera.cpp" />
		<Unit filename="core/camera.h" />
		<Unit filename="core/diffgeom.cpp" />
		<Unit filename="core/diffgeom.h" />
		<Unit filename="core/error.cpp" />
		<Unit filename="core/error.h" />
		<Unit filename="core/film.cpp" />
		<Unit filename="core/film.h" />
		<Unit filename="core/filter.cpp" />
		<Unit filename="core/filter.h" />
		<Unit filename="core/floatfile.cpp" />
		<Unit filename="core/floatfile.h" />
		<Unit filename="core/geometry.cpp" />
		<Unit filename="core/geometry.h" />
		<Unit filename="core/imageio.cpp" />
		<Unit filename="core/imageio.h" />
		<Unit filename="core/integrator.cpp" />
		<Unit filename="core/integrator.h" />
		<Unit filename="core/intersection.cpp" />
		<Unit filename="core/intersection.h" />
		<Unit filename="core/kdtree.h" />
		<Unit filename="core/light.cpp" />
		<Unit filename="core/light.h" />
		<Unit filename="core/material.cpp" />
		<Unit filename="core/material.h" />
		<Unit filename="core/memory.cpp" />
		<Unit filename="core/memory.h" />
		<Unit filename="core/mipmap.h" />
		<Unit filename="core/montecarlo.cpp" />
		<Unit filename="core/montecarlo.h" />
		<Unit filename="core/octree.h" />
		<Unit filename="core/parallel.cpp" />
		<Unit filename="core/parallel.h" />
		<Unit filename="core/paramset.cpp" />
		<Unit filename="core/paramset.h" />
		<Unit filename="core/parser.cpp" />
		<Unit filename="core/parser.h" />
		<Unit filename="core/pbrt.h" />
		<Unit filename="core/pbrtlex.cpp" />
		<Unit filename="core/pbrtparse.cpp" />
		<Unit filename="core/pbrtparse.hh" />
		<Unit filename="core/primitive.cpp" />
		<Unit filename="core/primitive.h" />
		<Unit filename="core/probes.cpp" />
		<Unit filename="core/probes.h" />
		<Unit filename="core/progressreporter.cpp" />
		<Unit filename="core/progressreporter.h" />
		<Unit filename="core/quaternion.cpp" />
		<Unit filename="core/quaternion.h" />
		<Unit filename="core/reflection.cpp" />
		<Unit filename="core/reflection.h" />
		<Unit filename="core/renderer.cpp" />
		<Unit filename="core/renderer.h" />
		<Unit filename="core/rng.cpp" />
		<Unit filename="core/rng.h" />
		<Unit filename="core/sampler.cpp" />
		<Unit filename="core/sampler.h" />
		<Unit filename="core/scene.cpp" />
		<Unit filename="core/scene.h" />
		<Unit filename="core/sh.cpp" />
		<Unit filename="core/sh.h" />
		<Unit filename="core/shape.cpp" />
		<Unit filename="core/shape.h" />
		<Unit filename="core/shrots.cpp" />
		<Unit filename="core/spectrum.cpp" />
		<Unit filename="core/spectrum.h" />
		<Unit filename="core/texture.cpp" />
		<Unit filename="core/texture.h" />
		<Unit filename="core/timer.cpp" />
		<Unit filename="core/timer.h" />
		<Unit filename="core/transform.cpp" />
		<Unit filename="core/transform.h" />
		<Unit filename="core/volume.cpp" />
		<Unit filename="core/volume.h" />
		<Unit filename="exrcheck.cpp" />
		<Unit filename="film/image.cpp" />
		<Unit filename="film/image.h" />
		<Unit filename="filters/box.cpp" />
		<Unit filename="filters/box.h" />
		<Unit filename="filters/gaussian.cpp" />
		<Unit filename="filters/gaussian.h" />
		<Unit filename="filters/mitchell.cpp" />
		<Unit filename="filters/mitchell.h" />
		<Unit filename="filters/sinc.cpp" />
		<Unit filename="filters/sinc.h" />
		<Unit filename="filters/triangle.cpp" />
		<Unit filename="filters/triangle.h" />
		<Unit filename="integrators/ambientocclusion.cpp" />
		<Unit filename="integrators/ambientocclusion.h" />
		<Unit filename="integrators/diffuseprt.cpp" />
		<Unit filename="integrators/diffuseprt.h" />
		<Unit filename="integrators/dipolesubsurface.cpp" />
		<Unit filename="integrators/dipolesubsurface.h" />
		<Unit filename="integrators/directlighting.cpp" />
		<Unit filename="integrators/directlighting.h" />
		<Unit filename="integrators/emission.cpp" />
		<Unit filename="integrators/emission.h" />
		<Unit filename="integrators/glossyprt.cpp" />
		<Unit filename="integrators/glossyprt.h" />
		<Unit filename="integrators/igi.cpp" />
		<Unit filename="integrators/igi.h" />
		<Unit filename="integrators/irradiancecache.cpp" />
		<Unit filename="integrators/irradiancecache.h" />
		<Unit filename="integrators/path.cpp" />
		<Unit filename="integrators/path.h" />
		<Unit filename="integrators/photonmap.cpp" />
		<Unit filename="integrators/photonmap.h" />
		<Unit filename="integrators/single.cpp" />
		<Unit filename="integrators/single.h" />
		<Unit filename="integrators/useprobes.cpp" />
		<Unit filename="integrators/useprobes.h" />
		<Unit filename="integrators/whitted.cpp" />
		<Unit filename="integrators/whitted.h" />
		<Unit filename="lights/diffuse.cpp" />
		<Unit filename="lights/diffuse.h" />
		<Unit filename="lights/distant.cpp" />
		<Unit filename="lights/distant.h" />
		<Unit filename="lights/goniometric.cpp" />
		<Unit filename="lights/goniometric.h" />
		<Unit filename="lights/infinite.cpp" />
		<Unit filename="lights/infinite.h" />
		<Unit filename="lights/point.cpp" />
		<Unit filename="lights/point.h" />
		<Unit filename="lights/projection.cpp" />
		<Unit filename="lights/projection.h" />
		<Unit filename="lights/spot.cpp" />
		<Unit filename="lights/spot.h" />
		<Unit filename="main/pbrt.cpp" />
		<Unit filename="materials/glass.cpp" />
		<Unit filename="materials/glass.h" />
		<Unit filename="materials/kdsubsurface.cpp" />
		<Unit filename="materials/kdsubsurface.h" />
		<Unit filename="materials/matte.cpp" />
		<Unit filename="materials/matte.h" />
		<Unit filename="materials/measured.cpp" />
		<Unit filename="materials/measured.h" />
		<Unit filename="materials/metal.cpp" />
		<Unit filename="materials/metal.h" />
		<Unit filename="materials/mirror.cpp" />
		<Unit filename="materials/mirror.h" />
		<Unit filename="materials/mixmat.cpp" />
		<Unit filename="materials/mixmat.h" />
		<Unit filename="materials/plastic.cpp" />
		<Unit filename="materials/plastic.h" />
		<Unit filename="materials/substrate.cpp" />
		<Unit filename="materials/substrate.h" />
		<Unit filename="materials/subsurface.cpp" />
		<Unit filename="materials/subsurface.h" />
		<Unit filename="materials/translucent.cpp" />
		<Unit filename="materials/translucent.h" />
		<Unit filename="materials/uber.cpp" />
		<Unit filename="materials/uber.h" />
		<Unit filename="renderers/aggregatetest.cpp" />
		<Unit filename="renderers/aggregatetest.h" />
		<Unit filename="renderers/breadth-first.cpp" />
		<Unit filename="renderers/createprobes.cpp" />
		<Unit filename="renderers/createprobes.h" />
		<Unit filename="renderers/gpurenderer.h" />
		<Unit filename="renderers/metropolis.cpp" />
		<Unit filename="renderers/metropolis.h" />
		<Unit filename="renderers/samplerrenderer.cpp" />
		<Unit filename="renderers/samplerrenderer.h" />
		<Unit filename="renderers/surfacepoints.cpp" />
		<Unit filename="renderers/surfacepoints.h" />
		<Unit filename="samplers/adaptive.cpp" />
		<Unit filename="samplers/adaptive.h" />
		<Unit filename="samplers/bestcandidate.cpp" />
		<Unit filename="samplers/bestcandidate.h" />
		<Unit filename="samplers/halton.cpp" />
		<Unit filename="samplers/halton.h" />
		<Unit filename="samplers/lowdiscrepancy.cpp" />
		<Unit filename="samplers/lowdiscrepancy.h" />
		<Unit filename="samplers/random.cpp" />
		<Unit filename="samplers/random.h" />
		<Unit filename="samplers/stratified.cpp" />
		<Unit filename="samplers/stratified.h" />
		<Unit filename="shapes/cone.cpp" />
		<Unit filename="shapes/cone.h" />
		<Unit filename="shapes/cylinder.cpp" />
		<Unit filename="shapes/cylinder.h" />
		<Unit filename="shapes/disk.cpp" />
		<Unit filename="shapes/disk.h" />
		<Unit filename="shapes/heightfield.cpp" />
		<Unit filename="shapes/heightfield.h" />
		<Unit filename="shapes/hyperboloid.cpp" />
		<Unit filename="shapes/hyperboloid.h" />
		<Unit filename="shapes/loopsubdiv.cpp" />
		<Unit filename="shapes/loopsubdiv.h" />
		<Unit filename="shapes/nurbs.cpp" />
		<Unit filename="shapes/nurbs.h" />
		<Unit filename="shapes/paraboloid.cpp" />
		<Unit filename="shapes/paraboloid.h" />
		<Unit filename="shapes/sphere.cpp" />
		<Unit filename="shapes/sphere.h" />
		<Unit filename="shapes/trianglemesh.cpp" />
		<Unit filename="shapes/trianglemesh.h" />
		<Unit filename="textures/bilerp.cpp" />
		<Unit filename="textures/bilerp.h" />
		<Unit filename="textures/checkerboard.cpp" />
		<Unit filename="textures/checkerboard.h" />
		<Unit filename="textures/constant.cpp" />
		<Unit filename="textures/constant.h" />
		<Unit filename="textures/dots.cpp" />
		<Unit filename="textures/dots.h" />
		<Unit filename="textures/fbm.cpp" />
		<Unit filename="textures/fbm.h" />
		<Unit filename="textures/imagemap.cpp" />
		<Unit filename="textures/imagemap.h" />
		<Unit filename="textures/marble.cpp" />
		<Unit filename="textures/marble.h" />
		<Unit filename="textures/mix.cpp" />
		<Unit filename="textures/mix.h" />
		<Unit filename="textures/scale.cpp" />
		<Unit filename="textures/scale.h" />
		<Unit filename="textures/uv.cpp" />
		<Unit filename="textures/uv.h" />
		<Unit filename="textures/windy.cpp" />
		<Unit filename="textures/windy.h" />
		<Unit filename="textures/wrinkled.cpp" />
		<Unit filename="textures/wrinkled.h" />
		<Unit filename="tools/bsdftest.cpp" />
		<Unit filename="tools/exravg.cpp" />
		<Unit filename="tools/exrdiff.cpp" />
		<Unit filename="tools/tifftoexr.cpp" />
		<Unit filename="volumes/exponential.cpp" />
		<Unit filename="volumes/exponential.h" />
		<Unit filename="volumes/homogeneous.cpp" />
		<Unit filename="volumes/homogeneous.h" />
		<Unit filename="volumes/volumegrid.cpp" />
		<Unit filename="volumes/volumegrid.h" />
		<Unit filename="win32/Iex/Iex.h" />
		<Unit filename="win32/Iex/IexBaseExc.h" />
		<Unit filename="win32/Iex/IexErrnoExc.h" />
		<Unit filename="win32/Iex/IexMacros.h" />
		<Unit filename="win32/Iex/IexMathExc.h" />
		<Unit filename="win32/Iex/IexThrowErrnoExc.h" />
		<Unit filename="win32/IlmImf/ImfArray.h" />
		<Unit filename="win32/IlmImf/ImfAttribute.h" />
		<Unit filename="win32/IlmImf/ImfAutoArray.h" />
		<Unit filename="win32/IlmImf/ImfB44Compressor.h" />
		<Unit filename="win32/IlmImf/ImfBoxAttribute.h" />
		<Unit filename="win32/IlmImf/ImfCRgbaFile.h" />
		<Unit filename="win32/IlmImf/ImfChannelList.h" />
		<Unit filename="win32/IlmImf/ImfChannelListAttribute.h" />
		<Unit filename="win32/IlmImf/ImfChromaticities.h" />
		<Unit filename="win32/IlmImf/ImfChromaticitiesAttribute.h" />
		<Unit filename="win32/IlmImf/ImfCompression.h" />
		<Unit filename="win32/IlmImf/ImfCompressionAttribute.h" />
		<Unit filename="win32/IlmImf/ImfCompressor.h" />
		<Unit filename="win32/IlmImf/ImfConvert.h" />
		<Unit filename="win32/IlmImf/ImfDoubleAttribute.h" />
		<Unit filename="win32/IlmImf/ImfEnvmap.h" />
		<Unit filename="win32/IlmImf/ImfEnvmapAttribute.h" />
		<Unit filename="win32/IlmImf/ImfFloatAttribute.h" />
		<Unit filename="win32/IlmImf/ImfFrameBuffer.h" />
		<Unit filename="win32/IlmImf/ImfFramesPerSecond.h" />
		<Unit filename="win32/IlmImf/ImfHeader.h" />
		<Unit filename="win32/IlmImf/ImfHuf.h" />
		<Unit filename="win32/IlmImf/ImfIO.h" />
		<Unit filename="win32/IlmImf/ImfInputFile.h" />
		<Unit filename="win32/IlmImf/ImfInt64.h" />
		<Unit filename="win32/IlmImf/ImfIntAttribute.h" />
		<Unit filename="win32/IlmImf/ImfKeyCode.h" />
		<Unit filename="win32/IlmImf/ImfKeyCodeAttribute.h" />
		<Unit filename="win32/IlmImf/ImfLineOrder.h" />
		<Unit filename="win32/IlmImf/ImfLineOrderAttribute.h" />
		<Unit filename="win32/IlmImf/ImfLut.h" />
		<Unit filename="win32/IlmImf/ImfMatrixAttribute.h" />
		<Unit filename="win32/IlmImf/ImfMisc.h" />
		<Unit filename="win32/IlmImf/ImfName.h" />
		<Unit filename="win32/IlmImf/ImfOpaqueAttribute.h" />
		<Unit filename="win32/IlmImf/ImfOutputFile.h" />
		<Unit filename="win32/IlmImf/ImfPixelType.h" />
		<Unit filename="win32/IlmImf/ImfPizCompressor.h" />
		<Unit filename="win32/IlmImf/ImfPreviewImage.h" />
		<Unit filename="win32/IlmImf/ImfPreviewImageAttribute.h" />
		<Unit filename="win32/IlmImf/ImfPxr24Compressor.h" />
		<Unit filename="win32/IlmImf/ImfRational.h" />
		<Unit filename="win32/IlmImf/ImfRationalAttribute.h" />
		<Unit filename="win32/IlmImf/ImfRgba.h" />
		<Unit filename="win32/IlmImf/ImfRgbaFile.h" />
		<Unit filename="win32/IlmImf/ImfRgbaYca.h" />
		<Unit filename="win32/IlmImf/ImfRleCompressor.h" />
		<Unit filename="win32/IlmImf/ImfScanLineInputFile.h" />
		<Unit filename="win32/IlmImf/ImfStandardAttributes.h" />
		<Unit filename="win32/IlmImf/ImfStdIO.h" />
		<Unit filename="win32/IlmImf/ImfStringAttribute.h" />
		<Unit filename="win32/IlmImf/ImfTestFile.h" />
		<Unit filename="win32/IlmImf/ImfThreading.h" />
		<Unit filename="win32/IlmImf/ImfTileDescription.h" />
		<Unit filename="win32/IlmImf/ImfTileDescriptionAttribute.h" />
		<Unit filename="win32/IlmImf/ImfTileOffsets.h" />
		<Unit filename="win32/IlmImf/ImfTiledInputFile.h" />
		<Unit filename="win32/IlmImf/ImfTiledMisc.h" />
		<Unit filename="win32/IlmImf/ImfTiledOutputFile.h" />
		<Unit filename="win32/IlmImf/ImfTiledRgbaFile.h" />
		<Unit filename="win32/IlmImf/ImfTimeCode.h" />
		<Unit filename="win32/IlmImf/ImfTimeCodeAttribute.h" />
		<Unit filename="win32/IlmImf/ImfVecAttribute.h" />
		<Unit filename="win32/IlmImf/ImfVersion.h" />
		<Unit filename="win32/IlmImf/ImfWav.h" />
		<Unit filename="win32/IlmImf/ImfXdr.h" />
		<Unit filename="win32/IlmImf/ImfZipCompressor.h" />
		<Unit filename="win32/IlmImf/OpenEXRConfig.h" />
		<Unit filename="win32/IlmImf/b44ExpLogTable.h" />
		<Unit filename="win32/IlmThread/IlmBaseConfig.h" />
		<Unit filename="win32/IlmThread/IlmThread.h" />
		<Unit filename="win32/IlmThread/IlmThreadMutex.h" />
		<Unit filename="win32/IlmThread/IlmThreadPool.h" />
		<Unit filename="win32/IlmThread/IlmThreadSemaphore.h" />
		<Unit filename="win32/Imath/ImathBox.h" />
		<Unit filename="win32/Imath/ImathBoxAlgo.h" />
		<Unit filename="win32/Imath/ImathColor.h" />
		<Unit filename="win32/Imath/ImathColorAlgo.h" />
		<Unit filename="win32/Imath/ImathEuler.h" />
		<Unit filename="win32/Imath/ImathExc.h" />
		<Unit filename="win32/Imath/ImathFrame.h" />
		<Unit filename="win32/Imath/ImathFrustum.h" />
		<Unit filename="win32/Imath/ImathFun.h" />
		<Unit filename="win32/Imath/ImathGL.h" />
		<Unit filename="win32/Imath/ImathGLU.h" />
		<Unit filename="win32/Imath/ImathHalfLimits.h" />
		<Unit filename="win32/Imath/ImathInt64.h" />
		<Unit filename="win32/Imath/ImathInterval.h" />
		<Unit filename="win32/Imath/ImathLimits.h" />
		<Unit filename="win32/Imath/ImathLine.h" />
		<Unit filename="win32/Imath/ImathLineAlgo.h" />
		<Unit filename="win32/Imath/ImathMath.h" />
		<Unit filename="win32/Imath/ImathMatrix.h" />
		<Unit filename="win32/Imath/ImathMatrixAlgo.h" />
		<Unit filename="win32/Imath/ImathPlane.h" />
		<Unit filename="win32/Imath/ImathPlatform.h" />
		<Unit filename="win32/Imath/ImathQuat.h" />
		<Unit filename="win32/Imath/ImathRandom.h" />
		<Unit filename="win32/Imath/ImathRoots.h" />
		<Unit filename="win32/Imath/ImathShear.h" />
		<Unit filename="win32/Imath/ImathSphere.h" />
		<Unit filename="win32/Imath/ImathVec.h" />
		<Unit filename="win32/Imath/ImathVecAlgo.h" />
		<Unit filename="win32/half/eLut.h" />
		<Unit filename="win32/half/half.h" />
		<Unit filename="win32/half/halfFunction.h" />
		<Unit filename="win32/half/halfLimits.h" />
		<Unit filename="win32/half/toFloat.h" />
		<Unit filename="win32/unistd.h" />
		<Unit filename="win32/zlib/crc32.h" />
		<Unit filename="win32/zlib/deflate.h" />
		<Unit filename="win32/zlib/inffast.h" />
		<Unit filename="win32/zlib/inffixed.h" />
		<Unit filename="win32/zlib/inflate.h" />
		<Unit filename="win32/zlib/inftrees.h" />
		<Unit filename="win32/zlib/trees.h" />
		<Unit filename="win32/zlib/zconf.h" />
		<Unit filename="win32/zlib/zconf.in.h" />
		<Unit filename="win32/zlib/zlib.h" />
		<Unit filename="win32/zlib/zutil.h" />
		<Extensions>
			<code_completion />
			<debugger />
		</Extensions>
	</Project>
</CodeBlocks_project_file>
